{
  "originHash" : "ab91aeaef777e353d686f1572eb857cd5e67d3f15146cc53b7709bf80cccd743",
  "pins" : [
    {
      "identity" : "lyfetcher",
      "kind" : "remoteSourceControl",
      "location" : "https://github.com/Yunlincla/LYFetcher.git",
      "state" : {
        "branch" : "main",
        "revision" : "901555c60a60e7c418488f08d038a960eb3ad70d"
      }
    }
  ],
  "version" : 3
}
